// !$*UTF8*$!
{
	archiveVersion = 1;
	classes = {
	};
	objectVersion = 56;
	objects = {

/* Begin PBXBuildFile section */
		441E7DC62AFAB8FA0031AF6D /* FirstViewController.swift in Sources */ = {isa = PBXBuildFile; fileRef = 441E7DC52AFAB8FA0031AF6D /* FirstViewController.swift */; };
		441E7DC82AFABA030031AF6D /* SecondViewController.swift in Sources */ = {isa = PBXBuildFile; fileRef = 441E7DC72AFABA030031AF6D /* SecondViewController.swift */; };
		441E7DCA2AFABA3C0031AF6D /* ThirdViewController.swift in Sources */ = {isa = PBXBuildFile; fileRef = 441E7DC92AFABA3C0031AF6D /* ThirdViewController.swift */; };
		441E7DCC2AFABA670031AF6D /* FourthViewController.swift in Sources */ = {isa = PBXBuildFile; fileRef = 441E7DCB2AFABA670031AF6D /* FourthViewController.swift */; };
		441E7DCE2AFABB0A0031AF6D /* FifthViewController.swift in Sources */ = {isa = PBXBuildFile; fileRef = 441E7DCD2AFABB0A0031AF6D /* FifthViewController.swift */; };
		444BB89F2AE6E9E30074CABF /* AppDelegate.swift in Sources */ = {isa = PBXBuildFile; fileRef = 444BB89E2AE6E9E30074CABF /* AppDelegate.swift */; };
		444BB8A12AE6E9E30074CABF /* SceneDelegate.swift in Sources */ = {isa = PBXBuildFile; fileRef = 444BB8A02AE6E9E30074CABF /* SceneDelegate.swift */; };
		444BB8A32AE6E9E30074CABF /* ViewController.swift in Sources */ = {isa = PBXBuildFile; fileRef = 444BB8A22AE6E9E30074CABF /* ViewController.swift */; };
		444BB8A62AE6E9E30074CABF /* Main.storyboard in Resources */ = {isa = PBXBuildFile; fileRef = 444BB8A42AE6E9E30074CABF /* Main.storyboard */; };
		444BB8A82AE6E9E40074CABF /* Assets.xcassets in Resources */ = {isa = PBXBuildFile; fileRef = 444BB8A72AE6E9E40074CABF /* Assets.xcassets */; };
		444BB8AB2AE6E9E40074CABF /* LaunchScreen.storyboard in Resources */ = {isa = PBXBuildFile; fileRef = 444BB8A92AE6E9E40074CABF /* LaunchScreen.storyboard */; };
/* End PBXBuildFile section */

/* Begin PBXFileReference section */
		441E7DC52AFAB8FA0031AF6D /* FirstViewController.swift */ = {isa = PBXFileReference; lastKnownFileType = sourcecode.swift; path = FirstViewController.swift; sourceTree = "<group>"; };
		441E7DC72AFABA030031AF6D /* SecondViewController.swift */ = {isa = PBXFileReference; lastKnownFileType = sourcecode.swift; path = SecondViewController.swift; sourceTree = "<group>"; };
		441E7DC92AFABA3C0031AF6D /* ThirdViewController.swift */ = {isa = PBXFileReference; lastKnownFileType = sourcecode.swift; path = ThirdViewController.swift; sourceTree = "<group>"; };
		441E7DCB2AFABA670031AF6D /* FourthViewController.swift */ = {isa = PBXFileReference; lastKnownFileType = sourcecode.swift; path = FourthViewController.swift; sourceTree = "<group>"; };
		441E7DCD2AFABB0A0031AF6D /* FifthViewController.swift */ = {isa = PBXFileReference; lastKnownFileType = sourcecode.swift; path = FifthViewController.swift; sourceTree = "<group>"; };
		444BB89B2AE6E9E30074CABF /* HomeOOP.app */ = {isa = PBXFileReference; explicitFileType = wrapper.application; includeInIndex = 0; path = HomeOOP.app; sourceTree = BUILT_PRODUCTS_DIR; };
		444BB89E2AE6E9E30074CABF /* AppDelegate.swift */ = {isa = PBXFileReference; lastKnownFileType = sourcecode.swift; path = AppDelegate.swift; sourceTree = "<group>"; };
		444BB8A02AE6E9E30074CABF /* SceneDelegate.swift */ = {isa = PBXFileReference; lastKnownFileType = sourcecode.swift; path = SceneDelegate.swift; sourceTree = "<group>"; };
		444BB8A22AE6E9E30074CABF /* ViewController.swift */ = {isa = PBXFileReference; lastKnownFileType = sourcecode.swift; path = ViewController.swift; sourceTree = "<group>"; };
		444BB8A52AE6E9E30074CABF /* Base */ = {isa = PBXFileReference; lastKnownFileType = file.storyboard; name = Base; path = Base.lproj/Main.storyboard; sourceTree = "<group>"; };
		444BB8A72AE6E9E40074CABF /* Assets.xcassets */ = {isa = PBXFileReference; lastKnownFileType = folder.assetcatalog; path = Assets.xcassets; sourceTree = "<group>"; };
		444BB8AA2AE6E9E40074CABF /* Base */ = {isa = PBXFileReference; lastKnownFileType = file.storyboard; name = Base; path = Base.lproj/LaunchScreen.storyboard; sourceTree = "<group>"; };
		444BB8AC2AE6E9E40074CABF /* Info.plist */ = {isa = PBXFileReference; lastKnownFileType = text.plist.xml; path = Info.plist; sourceTree = "<group>"; };
/* End PBXFileReference section */

/* Begin PBXFrameworksBuildPhase section */
		444BB8982AE6E9E30074CABF /* Frameworks */ = {
			isa = PBXFrameworksBuildPhase;
			buildActionMask = 2147483647;
			files = (
			);
			runOnlyForDeploymentPostprocessing = 0;
		};
/* End PBXFrameworksBuildPhase section */

/* Begin PBXGroup section */
		444BB8922AE6E9E30074CABF = {
			isa = PBXGroup;
			children = (
				444BB89D2AE6E9E30074CABF /* HomeOOP */,
				444BB89C2AE6E9E30074CABF /* Products */,
			);
			sourceTree = "<group>";
		};
		444BB89C2AE6E9E30074CABF /* Products */ = {
			isa = PBXGroup;
			children = (
				444BB89B2AE6E9E30074CABF /* HomeOOP.app */,
			);
			name = Products;
			sourceTree = "<group>";
		};
		444BB89D2AE6E9E30074CABF /* HomeOOP */ = {
			isa = PBXGroup;
			children = (
				444BB89E2AE6E9E30074CABF /* AppDelegate.swift */,
				444BB8A02AE6E9E30074CABF /* SceneDelegate.swift */,
				444BB8A22AE6E9E30074CABF /* ViewController.swift */,
				441E7DC52AFAB8FA0031AF6D /* FirstViewController.swift */,
				441E7DC72AFABA030031AF6D /* SecondViewController.swift */,
				441E7DC92AFABA3C0031AF6D /* ThirdViewController.swift */,
				441E7DCB2AFABA670031AF6D /* FourthViewController.swift */,
				441E7DCD2AFABB0A0031AF6D /* FifthViewController.swift */,
				444BB8A42AE6E9E30074CABF /* Main.storyboard */,
				444BB8A72AE6E9E40074CABF /* Assets.xcassets */,
				444BB8A92AE6E9E40074CABF /* LaunchScreen.storyboard */,
				444BB8AC2AE6E9E40074CABF /* Info.plist */,
			);
			path = HomeOOP;
			sourceTree = "<group>";
		};
/* End PBXGroup section */

/* Begin PBXNativeTarget section */
		444BB89A2AE6E9E30074CABF /* HomeOOP */ = {
			isa = PBXNativeTarget;
			buildConfigurationList = 444BB8AF2AE6E9E40074CABF /* Build configuration list for PBXNativeTarget "HomeOOP" */;
			buildPhases = (
				444BB8972AE6E9E30074CABF /* Sources */,
				444BB8982AE6E9E30074CABF /* Frameworks */,
				444BB8992AE6E9E30074CABF /* Resources */,
			);
			buildRules = (
			);
			dependencies = (
			);
			name = HomeOOP;
			productName = HomeOOP;
			productReference = 444BB89B2AE6E9E30074CABF /* HomeOOP.app */;
			productType = "com.apple.product-type.application";
		};
/* End PBXNativeTarget section */

/* Begin PBXProject section */
		444BB8932AE6E9E30074CABF /* Project object */ = {
			isa = PBXProject;
			attributes = {
				BuildIndependentTargetsInParallel = 1;
				LastSwiftUpdateCheck = 1500;
				LastUpgradeCheck = 1500;
				TargetAttributes = {
					444BB89A2AE6E9E30074CABF = {
						CreatedOnToolsVersion = 15.0;
					};
				};
			};
			buildConfigurationList = 444BB8962AE6E9E30074CABF /* Build configuration list for PBXProject "HomeOOP" */;
			compatibilityVersion = "Xcode 14.0";
			developmentRegion = en;
			hasScannedForEncodings = 0;
			knownRegions = (
				en,
				Base,
			);
			mainGroup = 444BB8922AE6E9E30074CABF;
			productRefGroup = 444BB89C2AE6E9E30074CABF /* Products */;
			projectDirPath = "";
			projectRoot = "";
			targets = (
				444BB89A2AE6E9E30074CABF /* HomeOOP */,
			);
		};
/* End PBXProject section */

/* Begin PBXResourcesBuildPhase section */
		444BB8992AE6E9E30074CABF /* Resources */ = {
			isa = PBXResourcesBuildPhase;
			buildActionMask = 2147483647;
			files = (
				444BB8AB2AE6E9E40074CABF /* LaunchScreen.storyboard in Resources */,
				444BB8A82AE6E9E40074CABF /* Assets.xcassets in Resources */,
				444BB8A62AE6E9E30074CABF /* Main.storyboard in Resources */,
			);
			runOnlyForDeploymentPostprocessing = 0;
		};
/* End PBXResourcesBuildPhase section */

/* Begin PBXSourcesBuildPhase section */
		444BB8972AE6E9E30074CABF /* Sources */ = {
			isa = PBXSourcesBuildPhase;
			buildActionMask = 2147483647;
			files = (
				444BB8A32AE6E9E30074CABF /* ViewController.swift in Sources */,
				444BB89F2AE6E9E30074CABF /* AppDelegate.swift in Sources */,
				444BB8A12AE6E9E30074CABF /* SceneDelegate.swift in Sources */,
				441E7DCC2AFABA670031AF6D /* FourthViewController.swift in Sources */,
				441E7DCE2AFABB0A0031AF6D /* FifthViewController.swift in Sources */,
				441E7DC82AFABA030031AF6D /* SecondViewController.swift in Sources */,
				441E7DCA2AFABA3C0031AF6D /* ThirdViewController.swift in Sources */,
				441E7DC62AFAB8FA0031AF6D /* FirstViewController.swift in Sources */,
			);
			runOnlyForDeploymentPostprocessing = 0;
		};
/* End PBXSourcesBuildPhase section */

/* Begin PBXVariantGroup section */
		444BB8A42AE6E9E30074CABF /* Main.storyboard */ = {
			isa = PBXVariantGroup;
			children = (
				444BB8A52AE6E9E30074CABF /* Base */,
			);
			name = Main.storyboard;
			sourceTree = "<group>";
		};
		444BB8A92AE6E9E40074CABF /* LaunchScreen.storyboard */ = {
			isa = PBXVariantGroup;
			children = (
				444BB8AA2AE6E9E40074CABF /* Base */,
			);
			name = LaunchScreen.storyboard;
			sourceTree = "<group>";
		};
/* End PBXVariantGroup section */

/* Begin XCBuildConfiguration section */
		444BB8AD2AE6E9E40074CABF /* Debug */ = {
			isa = XCBuildConfiguration;
			buildSettings = {
				ALWAYS_SEARCH_USER_PATHS = NO;
				ASSETCATALOG_COMPILER_GENERATE_SWIFT_ASSET_SYMBOL_EXTENSIONS = YES;
				CLANG_ANALYZER_NONNULL = YES;
				CLANG_ANALYZER_NUMBER_OBJECT_CONVERSION = YES_AGGRESSIVE;
				CLANG_CXX_LANGUAGE_STANDARD = "gnu++20";
				CLANG_ENABLE_MODULES = YES;
				CLANG_ENABLE_OBJC_ARC = YES;
				CLANG_ENABLE_OBJC_WEAK = YES;
				CLANG_WARN_BLOCK_CAPTURE_AUTORELEASING = YES;
				CLANG_WARN_BOOL_CONVERSION = YES;
				CLANG_WARN_COMMA = YES;
				CLANG_WARN_CONSTANT_CONVERSION = YES;
				CLANG_WARN_DEPRECATED_OBJC_IMPLEMENTATIONS = YES;
				CLANG_WARN_DIRECT_OBJC_ISA_USAGE = YES_ERROR;
				CLANG_WARN_DOCUMENTATION_COMMENTS = YES;
				CLANG_WARN_EMPTY_BODY = YES;
				CLANG_WARN_ENUM_CONVERSION = YES;
				CLANG_WARN_INFINITE_RECURSION = YES;
				CLANG_WARN_INT_CONVERSION = YES;
				CLANG_WARN_NON_LITERAL_NULL_CONVERSION = YES;
				CLANG_WARN_OBJC_IMPLICIT_RETAIN_SELF = YES;
				CLANG_WARN_OBJC_LITERAL_CONVERSION = YES;
				CLANG_WARN_OBJC_ROOT_CLASS = YES_ERROR;
				CLANG_WARN_QUOTED_INCLUDE_IN_FRAMEWORK_HEADER = YES;
				CLANG_WARN_RANGE_LOOP_ANALYSIS = YES;
				CLANG_WARN_STRICT_PROTOTYPES = YES;
				CLANG_WARN_SUSPICIOUS_MOVE = YES;
				CLANG_WARN_UNGUARDED_AVAILABILITY = YES_AGGRESSIVE;
				CLANG_WARN_UNREACHABLE_CODE = YES;
				CLANG_WARN__DUPLICATE_METHOD_MATCH = YES;
				COPY_PHASE_STRIP = NO;
				DEBUG_INFORMATION_FORMAT = dwarf;
				ENABLE_STRICT_OBJC_MSGSEND = YES;
				ENABLE_TESTABILITY = YES;
				ENABLE_USER_SCRIPT_SANDBOXING = YES;
				GCC_C_LANGUAGE_STANDARD = gnu17;
				GCC_DYNAMIC_NO_PIC = NO;
				GCC_NO_COMMON_BLOCKS = YES;
				GCC_OPTIMIZATION_LEVEL = 0;
				GCC_PREPROCESSOR_DEFINITIONS = (
					"DEBUG=1",
					"$(inherited)",
				);
				GCC_WARN_64_TO_32_BIT_CONVERSION = YES;
				GCC_WARN_ABOUT_RETURN_TYPE = YES_ERROR;
				GCC_WARN_UNDECLARED_SELECTOR = YES;
				GCC_WARN_UNINITIALIZED_AUTOS = YES_AGGRESSIVE;
				GCC_WARN_UNUSED_FUNCTION = YES;
				GCC_WARN_UNUSED_VARIABLE = YES;
				IPHONEOS_DEPLOYMENT_TARGET = 17.0;
				LOCALIZATION_PREFERS_STRING_CATALOGS = YES;
				MTL_ENABLE_DEBUG_INFO = INCLUDE_SOURCE;
				MTL_FAST_MATH = YES;
				ONLY_ACTIVE_ARCH = YES;
				SDKROOT = iphoneos;
				SWIFT_ACTIVE_COMPILATION_CONDITIONS = "DEBUG $(inherited)";
				SWIFT_OPTIMIZATION_LEVEL = "-Onone";
			};
			name = Debug;
		};
		444BB8AE2AE6E9E40074CABF /* Release */ = {
			isa = XCBuildConfiguration;
			buildSettings = {
				ALWAYS_SEARCH_USER_PATHS = NO;
				ASSETCATALOG_COMPILER_GENERATE_SWIFT_ASSET_SYMBOL_EXTENSIONS = YES;
				CLANG_ANALYZER_NONNULL = YES;
				CLANG_ANALYZER_NUMBER_OBJECT_CONVERSION = YES_AGGRESSIVE;
				CLANG_CXX_LANGUAGE_STANDARD = "gnu++20";
				CLANG_ENABLE_MODULES = YES;
				CLANG_ENABLE_OBJC_ARC = YES;
				CLANG_ENABLE_OBJC_WEAK = YES;
				CLANG_WARN_BLOCK_CAPTURE_AUTORELEASING = YES;
				CLANG_WARN_BOOL_CONVERSION = YES;
				CLANG_WARN_COMMA = YES;
				CLANG_WARN_CONSTANT_CONVERSION = YES;
				CLANG_WARN_DEPRECATED_OBJC_IMPLEMENTATIONS = YES;
				CLANG_WARN_DIRECT_OBJC_ISA_USAGE = YES_ERROR;
				CLANG_WARN_DOCUMENTATION_COMMENTS = YES;
				CLANG_WARN_EMPTY_BODY = YES;
				CLANG_WARN_ENUM_CONVERSION = YES;
				CLANG_WARN_INFINITE_RECURSION = YES;
				CLANG_WARN_INT_CONVERSION = YES;
				CLANG_WARN_NON_LITERAL_NULL_CONVERSION = YES;
				CLANG_WARN_OBJC_IMPLICIT_RETAIN_SELF = YES;
				CLANG_WARN_OBJC_LITERAL_CONVERSION = YES;
				CLANG_WARN_OBJC_ROOT_CLASS = YES_ERROR;
				CLANG_WARN_QUOTED_INCLUDE_IN_FRAMEWORK_HEADER = YES;
				CLANG_WARN_RANGE_LOOP_ANALYSIS = YES;
				CLANG_WARN_STRICT_PROTOTYPES = YES;
				CLANG_WARN_SUSPICIOUS_MOVE = YES;
				CLANG_WARN_UNGUARDED_AVAILABILITY = YES_AGGRESSIVE;
				CLANG_WARN_UNREACHABLE_CODE = YES;
				CLANG_WARN__DUPLICATE_METHOD_MATCH = YES;
				COPY_PHASE_STRIP = NO;
				DEBUG_INFORMATION_FORMAT = "dwarf-with-dsym";
				ENABLE_NS_ASSERTIONS = NO;
				ENABLE_STRICT_OBJC_MSGSEND = YES;
				ENABLE_USER_SCRIPT_SANDBOXING = YES;
				GCC_C_LANGUAGE_STANDARD = gnu17;
				GCC_NO_COMMON_BLOCKS = YES;
				GCC_WARN_64_TO_32_BIT_CONVERSION = YES;
				GCC_WARN_ABOUT_RETURN_TYPE = YES_ERROR;
				GCC_WARN_UNDECLARED_SELECTOR = YES;
				GCC_WARN_UNINITIALIZED_AUTOS = YES_AGGRESSIVE;
				GCC_WARN_UNUSED_FUNCTION = YES;
				GCC_WARN_UNUSED_VARIABLE = YES;
				IPHONEOS_DEPLOYMENT_TARGET = 17.0;
				LOCALIZATION_PREFERS_STRING_CATALOGS = YES;
				MTL_ENABLE_DEBUG_INFO = NO;
				MTL_FAST_MATH = YES;
				SDKROOT = iphoneos;
				SWIFT_COMPILATION_MODE = wholemodule;
				VALIDATE_PRODUCT = YES;
			};
			name = Release;
		};
		444BB8B02AE6E9E40074CABF /* Debug */ = {
			isa = XCBuildConfiguration;
			buildSettings = {
				ASSETCATALOG_COMPILER_APPICON_NAME = AppIcon;
				ASSETCATALOG_COMPILER_GLOBAL_ACCENT_COLOR_NAME = AccentColor;
				CODE_SIGN_STYLE = Automatic;
				CURRENT_PROJECT_VERSION = 1;
				DEVELOPMENT_TEAM = Z67QS495PL;
				GENERATE_INFOPLIST_FILE = YES;
				INFOPLIST_FILE = HomeOOP/Info.plist;
				INFOPLIST_KEY_UIApplicationSupportsIndirectInputEvents = YES;
				INFOPLIST_KEY_UILaunchStoryboardName = LaunchScreen;
				INFOPLIST_KEY_UIMainStoryboardFile = Main;
				INFOPLIST_KEY_UISupportedInterfaceOrientations_iPad = "UIInterfaceOrientationPortrait UIInterfaceOrientationPortraitUpsideDown UIInterfaceOrientationLandscapeLeft UIInterfaceOrientationLandscapeRight";
				INFOPLIST_KEY_UISupportedInterfaceOrientations_iPhone = "UIInterfaceOrientationPortrait UIInterfaceOrientationLandscapeLeft UIInterfaceOrientationLandscapeRight";
				LD_RUNPATH_SEARCH_PATHS = (
					"$(inherited)",
					"@executable_path/Frameworks",
				);
				MARKETING_VERSION = 1.0;
				PRODUCT_BUNDLE_IDENTIFIER = testms.HomeOOP;
				PRODUCT_NAME = "$(TARGET_NAME)";
				SWIFT_EMIT_LOC_STRINGS = YES;
				SWIFT_VERSION = 5.0;
				TARGETED_DEVICE_FAMILY = "1,2";
			};
			name = Debug;
		};
		444BB8B12AE6E9E40074CABF /* Release */ = {
			isa = XCBuildConfiguration;
			buildSettings = {
				ASSETCATALOG_COMPILER_APPICON_NAME = AppIcon;
				ASSETCATALOG_COMPILER_GLOBAL_ACCENT_COLOR_NAME = AccentColor;
				CODE_SIGN_STYLE = Automatic;
				CURRENT_PROJECT_VERSION = 1;
				DEVELOPMENT_TEAM = Z67QS495PL;
				GENERATE_INFOPLIST_FILE = YES;
				INFOPLIST_FILE = HomeOOP/Info.plist;
				INFOPLIST_KEY_UIApplicationSupportsIndirectInputEvents = YES;
				INFOPLIST_KEY_UILaunchStoryboardName = LaunchScreen;
				INFOPLIST_KEY_UIMainStoryboardFile = Main;
				INFOPLIST_KEY_UISupportedInterfaceOrientations_iPad = "UIInterfaceOrientationPortrait UIInterfaceOrientationPortraitUpsideDown UIInterfaceOrientationLandscapeLeft UIInterfaceOrientationLandscapeRight";
				INFOPLIST_KEY_UISupportedInterfaceOrientations_iPhone = "UIInterfaceOrientationPortrait UIInterfaceOrientationLandscapeLeft UIInterfaceOrientationLandscapeRight";
				LD_RUNPATH_SEARCH_PATHS = (
					"$(inherited)",
					"@executable_path/Frameworks",
				);
				MARKETING_VERSION = 1.0;
				PRODUCT_BUNDLE_IDENTIFIER = testms.HomeOOP;
				PRODUCT_NAME = "$(TARGET_NAME)";
				SWIFT_EMIT_LOC_STRINGS = YES;
				SWIFT_VERSION = 5.0;
				TARGETED_DEVICE_FAMILY = "1,2";
			};
			name = Release;
		};
/* End XCBuildConfiguration section */

/* Begin XCConfigurationList section */
		444BB8962AE6E9E30074CABF /* Build configuration list for PBXProject "HomeOOP" */ = {
			isa = XCConfigurationList;
			buildConfigurations = (
				444BB8AD2AE6E9E40074CABF /* Debug */,
				444BB8AE2AE6E9E40074CABF /* Release */,
			);
			defaultConfigurationIsVisible = 0;
			defaultConfigurationName = Release;
		};
		444BB8AF2AE6E9E40074CABF /* Build configuration list for PBXNativeTarget "HomeOOP" */ = {
			isa = XCConfigurationList;
			buildConfigurations = (
				444BB8B02AE6E9E40074CABF /* Debug */,
				444BB8B12AE6E9E40074CABF /* Release */,
			);
			defaultConfigurationIsVisible = 0;
			defaultConfigurationName = Release;
		};
/* End XCConfigurationList section */
	};
	rootObject = 444BB8932AE6E9E30074CABF /* Project object */;
}
